
Microsoft Visual Studio Solution File, Format Version 12.00
# Visual Studio 2015
Project("{FAE04EC0-301F-11D3-BF4B-00C04F79EFBC}") = "Assembly-CSharp", "Assembly-CSharp.csproj", "{00ECD84E-C680-D3E4-FCD8-A98F8113BA0D}"
EndProject
Project("{FAE04EC0-301F-11D3-BF4B-00C04F79EFBC}") = "Assembly-CSharp-Editor", "Assembly-CSharp-Editor.csproj", "{AE8A14BB-BC3D-8609-6EB4-9C65F55B284E}"
EndProject
Global
	GlobalSection(SolutionConfigurationPlatforms) = preSolution
		Debug|Any CPU = Debug|Any CPU
		Release|Any CPU = Release|Any CPU
	EndGlobalSection
	GlobalSection(ProjectConfigurationPlatforms) = postSolution
		{00ECD84E-C680-D3E4-FCD8-A98F8113BA0D}.Debug|Any CPU.ActiveCfg = Debug|Any CPU
		{00ECD84E-C680-D3E4-FCD8-A98F8113BA0D}.Debug|Any CPU.Build.0 = Debug|Any CPU
		{00ECD84E-C680-D3E4-FCD8-A98F8113BA0D}.Release|Any CPU.ActiveCfg = Release|Any CPU
		{00ECD84E-C680-D3E4-FCD8-A98F8113BA0D}.Release|Any CPU.Build.0 = Release|Any CPU
		{AE8A14BB-BC3D-8609-6EB4-9C65F55B284E}.Debug|Any CPU.ActiveCfg = Debug|Any CPU
		{AE8A14BB-BC3D-8609-6EB4-9C65F55B284E}.Debug|Any CPU.Build.0 = Debug|Any CPU
		{AE8A14BB-BC3D-8609-6EB4-9C65F55B284E}.Release|Any CPU.ActiveCfg = Release|Any CPU
		{AE8A14BB-BC3D-8609-6EB4-9C65F55B284E}.Release|Any CPU.Build.0 = Release|Any CPU
	EndGlobalSection
	GlobalSection(SolutionProperties) = preSolution
		HideSolutionNode = FALSE
	EndGlobalSection
EndGlobal
